github.com/opentracing/opentracing-go v1.1.0 h1:pWlfV3Bxv7k65HYwkikxat0+s3pV4bsqf19k25Ur8rU=
github.com/opentracing/opentracing-go v1.1.0/go.mod h1:UkNAQd3GIcIGf0SeVgPpRdFStlNbqXla1AfSYxPUl2o=
github.com/pkg/errors v0.8.1 h1:iURUrRGxPUNPdy5/HRSm+Yj6okJ6UtLINN0Q9M4+h3I=
github.com/pkg/errors v0.8.1/go.mod h1:bwawxfHBFNV+L2hUp1rHADufV3IMtnDRdf1r5NINEl0=
github.com/uber/jaeger-client-go v2.16.0+incompatible h1:Q2Pp6v3QYiocMxomCaJuwQGFt7E53bPYqEgug/AoBtY=
github.com/uber/jaeger-client-go v2.16.0+incompatible/go.mod h1:WVhlPFC8FDjOFMMWRy2pZqQJSXxYSwNYOkTr/Z6d3Kk=
github.com/uber/jaeger-lib v2.0.0+incompatible h1:iMSCV0rmXEogjNWPh2D0xk9YVKvrtGoHJNe9ebLu/pw=
github.com/uber/jaeger-lib v2.0.0+incompatible/go.mod h1:ComeNDZlWwrWnDv8aPp0Ba6+uUTzImX/AauajbLI56U=
gopkg.in/check.v1 v0.0.0-20161208181325-20d25e280405/go.mod h1:Co6ibVJAznAaIkqp8huTwlJQCZ016jof/cbN4VW5Yz0=
gopkg.in/yaml.v2 v2.2.2 h1:ZCJp+EgiOT7lHqUV2J862kp8Qj64Jo6az82+3Td9dZw=
gopkg.in/yaml.v2 v2.2.2/go.mod h1:hI93XBmqTisBFMUTm0b8Fm+jr3Dg1NNxqwp+5A1VGuI=
